// !$*UTF8*$!
{
	archiveVersion = 1;
	classes = {
	};
	objectVersion = 51;
	objects = {

/* Begin PBXBuildFile section */
		8159CC9C97DD4D411A0A96EA /* Pods_Spotify.framework in Frameworks */ = {isa = PBXBuildFile; fileRef = 577A885BABDF0D252A10DE6D /* Pods_Spotify.framework */; };
		E532834A26B786F300C5B446 /* TitleHeaderCollectionReusableView.swift in Sources */ = {isa = PBXBuildFile; fileRef = E532834926B786F300C5B446 /* TitleHeaderCollectionReusableView.swift */; };
		E532834D26B790D100C5B446 /* AlbumTrackCollectionViewCell.swift in Sources */ = {isa = PBXBuildFile; fileRef = E532834C26B790D100C5B446 /* AlbumTrackCollectionViewCell.swift */; };
		E532835026B7932C00C5B446 /* AlbumCollectionViewCellViewModel.swift in Sources */ = {isa = PBXBuildFile; fileRef = E532834F26B7932C00C5B446 /* AlbumCollectionViewCellViewModel.swift */; };
		E566549026B3CE5800315C04 /* FeaturedPlaylistCellViewModel.swift in Sources */ = {isa = PBXBuildFile; fileRef = E566548F26B3CE5800315C04 /* FeaturedPlaylistCellViewModel.swift */; };
		E566549326B3CEE000315C04 /* RecommendedTrackCellViewModel.swift in Sources */ = {isa = PBXBuildFile; fileRef = E566549226B3CEE000315C04 /* RecommendedTrackCellViewModel.swift */; };
		E566549626B3DC7000315C04 /* AlbumViewController.swift in Sources */ = {isa = PBXBuildFile; fileRef = E566549526B3DC7000315C04 /* AlbumViewController.swift */; };
		E566549926B3E1B200315C04 /* AlbumDetailsResponse.swift in Sources */ = {isa = PBXBuildFile; fileRef = E566549826B3E1B200315C04 /* AlbumDetailsResponse.swift */; };
		E56654A126B3E78B00315C04 /* PlaylistDetailsResponse.swift in Sources */ = {isa = PBXBuildFile; fileRef = E56654A026B3E78B00315C04 /* PlaylistDetailsResponse.swift */; };
		E56654A426B3F6FF00315C04 /* PlaylistHeaderCollectionReusableView.swift in Sources */ = {isa = PBXBuildFile; fileRef = E56654A326B3F6FF00315C04 /* PlaylistHeaderCollectionReusableView.swift */; };
		E56654A726B4008D00315C04 /* PlaylistHeaderViewViewModel.swift in Sources */ = {isa = PBXBuildFile; fileRef = E56654A626B4008D00315C04 /* PlaylistHeaderViewViewModel.swift */; };
		E567D1E726B0ED4300E4BA3D /* AuthViewController.swift in Sources */ = {isa = PBXBuildFile; fileRef = E567D1E626B0ED4300E4BA3D /* AuthViewController.swift */; };
		E567D1EB26B0EDAE00E4BA3D /* WelcomeViewController.swift in Sources */ = {isa = PBXBuildFile; fileRef = E567D1EA26B0EDAE00E4BA3D /* WelcomeViewController.swift */; };
		E567D1EE26B0EDD600E4BA3D /* SettingsViewController.swift in Sources */ = {isa = PBXBuildFile; fileRef = E567D1ED26B0EDD600E4BA3D /* SettingsViewController.swift */; };
		E567D1F126B0EDEB00E4BA3D /* ProfileViewController.swift in Sources */ = {isa = PBXBuildFile; fileRef = E567D1F026B0EDEB00E4BA3D /* ProfileViewController.swift */; };
		E567D1F426B0EDFE00E4BA3D /* PlayerViewController.swift in Sources */ = {isa = PBXBuildFile; fileRef = E567D1F326B0EDFE00E4BA3D /* PlayerViewController.swift */; };
		E567D1F726B0EE1A00E4BA3D /* PlaylistViewController.swift in Sources */ = {isa = PBXBuildFile; fileRef = E567D1F626B0EE1A00E4BA3D /* PlaylistViewController.swift */; };
		E567D1FA26B0EE4A00E4BA3D /* SearchResultsViewController.swift in Sources */ = {isa = PBXBuildFile; fileRef = E567D1F926B0EE4A00E4BA3D /* SearchResultsViewController.swift */; };
		E567D1FD26B0EE7B00E4BA3D /* AuthManager.swift in Sources */ = {isa = PBXBuildFile; fileRef = E567D1FC26B0EE7B00E4BA3D /* AuthManager.swift */; };
		E567D20026B0EE9300E4BA3D /* APICaller.swift in Sources */ = {isa = PBXBuildFile; fileRef = E567D1FF26B0EE9300E4BA3D /* APICaller.swift */; };
		E567D20326B0EEC800E4BA3D /* HapticsManager.swift in Sources */ = {isa = PBXBuildFile; fileRef = E567D20226B0EEC800E4BA3D /* HapticsManager.swift */; };
		E567D20626B0EEE900E4BA3D /* Playlist.swift in Sources */ = {isa = PBXBuildFile; fileRef = E567D20526B0EEE900E4BA3D /* Playlist.swift */; };
		E567D20926B0EF0300E4BA3D /* AudioTrack.swift in Sources */ = {isa = PBXBuildFile; fileRef = E567D20826B0EF0300E4BA3D /* AudioTrack.swift */; };
		E567D20C26B0EF1C00E4BA3D /* Artist.swift in Sources */ = {isa = PBXBuildFile; fileRef = E567D20B26B0EF1C00E4BA3D /* Artist.swift */; };
		E567D20F26B0EF2F00E4BA3D /* UserProfile.swift in Sources */ = {isa = PBXBuildFile; fileRef = E567D20E26B0EF2F00E4BA3D /* UserProfile.swift */; };
		E567D21426B1056500E4BA3D /* Extensions.swift in Sources */ = {isa = PBXBuildFile; fileRef = E567D21326B1056500E4BA3D /* Extensions.swift */; };
		E567D21726B12E3D00E4BA3D /* AuthResponse.swift in Sources */ = {isa = PBXBuildFile; fileRef = E567D21626B12E3D00E4BA3D /* AuthResponse.swift */; };
		E567D21A26B1580400E4BA3D /* SettingsModels.swift in Sources */ = {isa = PBXBuildFile; fileRef = E567D21926B1580400E4BA3D /* SettingsModels.swift */; };
		E572769F26B0189600157C30 /* AppDelegate.swift in Sources */ = {isa = PBXBuildFile; fileRef = E572769E26B0189600157C30 /* AppDelegate.swift */; };
		E57276A126B0189600157C30 /* SceneDelegate.swift in Sources */ = {isa = PBXBuildFile; fileRef = E57276A026B0189600157C30 /* SceneDelegate.swift */; };
		E57276A326B0189600157C30 /* HomeViewController.swift in Sources */ = {isa = PBXBuildFile; fileRef = E57276A226B0189600157C30 /* HomeViewController.swift */; };
		E57276A826B0189800157C30 /* Assets.xcassets in Resources */ = {isa = PBXBuildFile; fileRef = E57276A726B0189800157C30 /* Assets.xcassets */; };
		E57276AB26B0189800157C30 /* LaunchScreen.storyboard in Resources */ = {isa = PBXBuildFile; fileRef = E57276A926B0189800157C30 /* LaunchScreen.storyboard */; };
		E57276BC26B01CCB00157C30 /* TabbarViewController.swift in Sources */ = {isa = PBXBuildFile; fileRef = E57276BB26B01CCB00157C30 /* TabbarViewController.swift */; };
		E57276BF26B01D0800157C30 /* SearchViewController.swift in Sources */ = {isa = PBXBuildFile; fileRef = E57276BE26B01D0800157C30 /* SearchViewController.swift */; };
		E57276C226B01D2800157C30 /* LibraryViewController.swift in Sources */ = {isa = PBXBuildFile; fileRef = E57276C126B01D2800157C30 /* LibraryViewController.swift */; };
		E5759AD826B251B900E02182 /* NewReleasesResponse.swift in Sources */ = {isa = PBXBuildFile; fileRef = E5759AD726B251B900E02182 /* NewReleasesResponse.swift */; };
		E5759ADB26B25B2300E02182 /* FeaturedplaylistsResponse.swift in Sources */ = {isa = PBXBuildFile; fileRef = E5759ADA26B25B2300E02182 /* FeaturedplaylistsResponse.swift */; };
		E5759AFD26B27D2200E02182 /* RecommendedGenresResponse.swift in Sources */ = {isa = PBXBuildFile; fileRef = E5759AFC26B27D2200E02182 /* RecommendedGenresResponse.swift */; };
		E5759B0026B2840C00E02182 /* RecommendationsResponse.swift in Sources */ = {isa = PBXBuildFile; fileRef = E5759AFF26B2840C00E02182 /* RecommendationsResponse.swift */; };
		E5759B0426B29AD200E02182 /* NewReleaseCollectionViewCell.swift in Sources */ = {isa = PBXBuildFile; fileRef = E5759B0326B29AD100E02182 /* NewReleaseCollectionViewCell.swift */; };
		E5759B0726B29B3300E02182 /* FeaturedPlaylistCollectionViewCell.swift in Sources */ = {isa = PBXBuildFile; fileRef = E5759B0626B29B3300E02182 /* FeaturedPlaylistCollectionViewCell.swift */; };
		E5759B0A26B29B7900E02182 /* RecommendedtrackCollectionViewCell.swift in Sources */ = {isa = PBXBuildFile; fileRef = E5759B0926B29B7900E02182 /* RecommendedtrackCollectionViewCell.swift */; };
		E5759B1026B2B81400E02182 /* NewReleasesCellViewModel.swift in Sources */ = {isa = PBXBuildFile; fileRef = E5759B0F26B2B81400E02182 /* NewReleasesCellViewModel.swift */; };
/* End PBXBuildFile section */

/* Begin PBXFileReference section */
		2BAB101BB11DBCA9D8CA31FD /* Pods-Spotify.release.xcconfig */ = {isa = PBXFileReference; includeInIndex = 1; lastKnownFileType = text.xcconfig; name = "Pods-Spotify.release.xcconfig"; path = "Target Support Files/Pods-Spotify/Pods-Spotify.release.xcconfig"; sourceTree = "<group>"; };
		577A885BABDF0D252A10DE6D /* Pods_Spotify.framework */ = {isa = PBXFileReference; explicitFileType = wrapper.framework; includeInIndex = 0; path = Pods_Spotify.framework; sourceTree = BUILT_PRODUCTS_DIR; };
		6F84A10C78EC77B6FCBF4C71 /* Pods-Spotify.debug.xcconfig */ = {isa = PBXFileReference; includeInIndex = 1; lastKnownFileType = text.xcconfig; name = "Pods-Spotify.debug.xcconfig"; path = "Target Support Files/Pods-Spotify/Pods-Spotify.debug.xcconfig"; sourceTree = "<group>"; };
		E532834926B786F300C5B446 /* TitleHeaderCollectionReusableView.swift */ = {isa = PBXFileReference; lastKnownFileType = sourcecode.swift; path = TitleHeaderCollectionReusableView.swift; sourceTree = "<group>"; };
		E532834C26B790D100C5B446 /* AlbumTrackCollectionViewCell.swift */ = {isa = PBXFileReference; lastKnownFileType = sourcecode.swift; path = AlbumTrackCollectionViewCell.swift; sourceTree = "<group>"; };
		E532834F26B7932C00C5B446 /* AlbumCollectionViewCellViewModel.swift */ = {isa = PBXFileReference; lastKnownFileType = sourcecode.swift; path = AlbumCollectionViewCellViewModel.swift; sourceTree = "<group>"; };
		E566548F26B3CE5800315C04 /* FeaturedPlaylistCellViewModel.swift */ = {isa = PBXFileReference; lastKnownFileType = sourcecode.swift; path = FeaturedPlaylistCellViewModel.swift; sourceTree = "<group>"; };
		E566549226B3CEE000315C04 /* RecommendedTrackCellViewModel.swift */ = {isa = PBXFileReference; lastKnownFileType = sourcecode.swift; path = RecommendedTrackCellViewModel.swift; sourceTree = "<group>"; };
		E566549526B3DC7000315C04 /* AlbumViewController.swift */ = {isa = PBXFileReference; lastKnownFileType = sourcecode.swift; path = AlbumViewController.swift; sourceTree = "<group>"; };
		E566549826B3E1B200315C04 /* AlbumDetailsResponse.swift */ = {isa = PBXFileReference; lastKnownFileType = sourcecode.swift; path = AlbumDetailsResponse.swift; sourceTree = "<group>"; };
		E56654A026B3E78B00315C04 /* PlaylistDetailsResponse.swift */ = {isa = PBXFileReference; lastKnownFileType = sourcecode.swift; path = PlaylistDetailsResponse.swift; sourceTree = "<group>"; };
		E56654A326B3F6FF00315C04 /* PlaylistHeaderCollectionReusableView.swift */ = {isa = PBXFileReference; lastKnownFileType = sourcecode.swift; path = PlaylistHeaderCollectionReusableView.swift; sourceTree = "<group>"; };
		E56654A626B4008D00315C04 /* PlaylistHeaderViewViewModel.swift */ = {isa = PBXFileReference; lastKnownFileType = sourcecode.swift; path = PlaylistHeaderViewViewModel.swift; sourceTree = "<group>"; };
		E567D1E626B0ED4300E4BA3D /* AuthViewController.swift */ = {isa = PBXFileReference; lastKnownFileType = sourcecode.swift; path = AuthViewController.swift; sourceTree = "<group>"; };
		E567D1EA26B0EDAE00E4BA3D /* WelcomeViewController.swift */ = {isa = PBXFileReference; lastKnownFileType = sourcecode.swift; path = WelcomeViewController.swift; sourceTree = "<group>"; };
		E567D1ED26B0EDD600E4BA3D /* SettingsViewController.swift */ = {isa = PBXFileReference; lastKnownFileType = sourcecode.swift; path = SettingsViewController.swift; sourceTree = "<group>"; };
		E567D1F026B0EDEB00E4BA3D /* ProfileViewController.swift */ = {isa = PBXFileReference; lastKnownFileType = sourcecode.swift; path = ProfileViewController.swift; sourceTree = "<group>"; };
		E567D1F326B0EDFE00E4BA3D /* PlayerViewController.swift */ = {isa = PBXFileReference; lastKnownFileType = sourcecode.swift; path = PlayerViewController.swift; sourceTree = "<group>"; };
		E567D1F626B0EE1A00E4BA3D /* PlaylistViewController.swift */ = {isa = PBXFileReference; lastKnownFileType = sourcecode.swift; path = PlaylistViewController.swift; sourceTree = "<group>"; };
		E567D1F926B0EE4A00E4BA3D /* SearchResultsViewController.swift */ = {isa = PBXFileReference; lastKnownFileType = sourcecode.swift; path = SearchResultsViewController.swift; sourceTree = "<group>"; };
		E567D1FC26B0EE7B00E4BA3D /* AuthManager.swift */ = {isa = PBXFileReference; lastKnownFileType = sourcecode.swift; path = AuthManager.swift; sourceTree = "<group>"; };
		E567D1FF26B0EE9300E4BA3D /* APICaller.swift */ = {isa = PBXFileReference; lastKnownFileType = sourcecode.swift; path = APICaller.swift; sourceTree = "<group>"; };
		E567D20226B0EEC800E4BA3D /* HapticsManager.swift */ = {isa = PBXFileReference; lastKnownFileType = sourcecode.swift; path = HapticsManager.swift; sourceTree = "<group>"; };
		E567D20526B0EEE900E4BA3D /* Playlist.swift */ = {isa = PBXFileReference; lastKnownFileType = sourcecode.swift; path = Playlist.swift; sourceTree = "<group>"; };
		E567D20826B0EF0300E4BA3D /* AudioTrack.swift */ = {isa = PBXFileReference; lastKnownFileType = sourcecode.swift; path = AudioTrack.swift; sourceTree = "<group>"; };
		E567D20B26B0EF1C00E4BA3D /* Artist.swift */ = {isa = PBXFileReference; lastKnownFileType = sourcecode.swift; path = Artist.swift; sourceTree = "<group>"; };
		E567D20E26B0EF2F00E4BA3D /* UserProfile.swift */ = {isa = PBXFileReference; lastKnownFileType = sourcecode.swift; path = UserProfile.swift; sourceTree = "<group>"; };
		E567D21326B1056500E4BA3D /* Extensions.swift */ = {isa = PBXFileReference; lastKnownFileType = sourcecode.swift; path = Extensions.swift; sourceTree = "<group>"; };
		E567D21626B12E3D00E4BA3D /* AuthResponse.swift */ = {isa = PBXFileReference; lastKnownFileType = sourcecode.swift; path = AuthResponse.swift; sourceTree = "<group>"; };
		E567D21926B1580400E4BA3D /* SettingsModels.swift */ = {isa = PBXFileReference; lastKnownFileType = sourcecode.swift; path = SettingsModels.swift; sourceTree = "<group>"; };
		E572769B26B0189600157C30 /* Spotify.app */ = {isa = PBXFileReference; explicitFileType = wrapper.application; includeInIndex = 0; path = Spotify.app; sourceTree = BUILT_PRODUCTS_DIR; };
		E572769E26B0189600157C30 /* AppDelegate.swift */ = {isa = PBXFileReference; lastKnownFileType = sourcecode.swift; path = AppDelegate.swift; sourceTree = "<group>"; };
		E57276A026B0189600157C30 /* SceneDelegate.swift */ = {isa = PBXFileReference; lastKnownFileType = sourcecode.swift; path = SceneDelegate.swift; sourceTree = "<group>"; };
		E57276A226B0189600157C30 /* HomeViewController.swift */ = {isa = PBXFileReference; lastKnownFileType = sourcecode.swift; path = HomeViewController.swift; sourceTree = "<group>"; };
		E57276A726B0189800157C30 /* Assets.xcassets */ = {isa = PBXFileReference; lastKnownFileType = folder.assetcatalog; path = Assets.xcassets; sourceTree = "<group>"; };
		E57276AA26B0189800157C30 /* Base */ = {isa = PBXFileReference; lastKnownFileType = file.storyboard; name = Base; path = Base.lproj/LaunchScreen.storyboard; sourceTree = "<group>"; };
		E57276AC26B0189800157C30 /* Info.plist */ = {isa = PBXFileReference; lastKnownFileType = text.plist.xml; path = Info.plist; sourceTree = "<group>"; };
		E57276BB26B01CCB00157C30 /* TabbarViewController.swift */ = {isa = PBXFileReference; lastKnownFileType = sourcecode.swift; path = TabbarViewController.swift; sourceTree = "<group>"; };
		E57276BE26B01D0800157C30 /* SearchViewController.swift */ = {isa = PBXFileReference; lastKnownFileType = sourcecode.swift; path = SearchViewController.swift; sourceTree = "<group>"; };
		E57276C126B01D2800157C30 /* LibraryViewController.swift */ = {isa = PBXFileReference; lastKnownFileType = sourcecode.swift; path = LibraryViewController.swift; sourceTree = "<group>"; };
		E5759AD726B251B900E02182 /* NewReleasesResponse.swift */ = {isa = PBXFileReference; lastKnownFileType = sourcecode.swift; path = NewReleasesResponse.swift; sourceTree = "<group>"; };
		E5759ADA26B25B2300E02182 /* FeaturedplaylistsResponse.swift */ = {isa = PBXFileReference; lastKnownFileType = sourcecode.swift; path = FeaturedplaylistsResponse.swift; sourceTree = "<group>"; };
		E5759AFC26B27D2200E02182 /* RecommendedGenresResponse.swift */ = {isa = PBXFileReference; lastKnownFileType = sourcecode.swift; path = RecommendedGenresResponse.swift; sourceTree = "<group>"; };
		E5759AFF26B2840C00E02182 /* RecommendationsResponse.swift */ = {isa = PBXFileReference; lastKnownFileType = sourcecode.swift; path = RecommendationsResponse.swift; sourceTree = "<group>"; };
		E5759B0326B29AD100E02182 /* NewReleaseCollectionViewCell.swift */ = {isa = PBXFileReference; lastKnownFileType = sourcecode.swift; path = NewReleaseCollectionViewCell.swift; sourceTree = "<group>"; };
		E5759B0626B29B3300E02182 /* FeaturedPlaylistCollectionViewCell.swift */ = {isa = PBXFileReference; lastKnownFileType = sourcecode.swift; path = FeaturedPlaylistCollectionViewCell.swift; sourceTree = "<group>"; };
		E5759B0926B29B7900E02182 /* RecommendedtrackCollectionViewCell.swift */ = {isa = PBXFileReference; lastKnownFileType = sourcecode.swift; path = RecommendedtrackCollectionViewCell.swift; sourceTree = "<group>"; };
		E5759B0F26B2B81400E02182 /* NewReleasesCellViewModel.swift */ = {isa = PBXFileReference; lastKnownFileType = sourcecode.swift; path = NewReleasesCellViewModel.swift; sourceTree = "<group>"; };
/* End PBXFileReference section */

/* Begin PBXFrameworksBuildPhase section */
		E572769826B0189600157C30 /* Frameworks */ = {
			isa = PBXFrameworksBuildPhase;
			buildActionMask = 2147483647;
			files = (
				8159CC9C97DD4D411A0A96EA /* Pods_Spotify.framework in Frameworks */,
			);
			runOnlyForDeploymentPostprocessing = 0;
		};
/* End PBXFrameworksBuildPhase section */

/* Begin PBXGroup section */
		B38929E4798FB73432CAF1A3 /* Frameworks */ = {
			isa = PBXGroup;
			children = (
				577A885BABDF0D252A10DE6D /* Pods_Spotify.framework */,
			);
			name = Frameworks;
			sourceTree = "<group>";
		};
		E567D1E526B0ED2700E4BA3D /* Other */ = {
			isa = PBXGroup;
			children = (
				E567D1E626B0ED4300E4BA3D /* AuthViewController.swift */,
				E567D1EA26B0EDAE00E4BA3D /* WelcomeViewController.swift */,
				E567D1ED26B0EDD600E4BA3D /* SettingsViewController.swift */,
				E567D1F026B0EDEB00E4BA3D /* ProfileViewController.swift */,
				E567D1F326B0EDFE00E4BA3D /* PlayerViewController.swift */,
				E567D1F626B0EE1A00E4BA3D /* PlaylistViewController.swift */,
				E567D1F926B0EE4A00E4BA3D /* SearchResultsViewController.swift */,
				E566549526B3DC7000315C04 /* AlbumViewController.swift */,
			);
			path = Other;
			sourceTree = "<group>";
		};
		E572769226B0189600157C30 = {
			isa = PBXGroup;
			children = (
				E572769D26B0189600157C30 /* Spotify */,
				E572769C26B0189600157C30 /* Products */,
				F1A6BB1F79D1CAE1AF168ACE /* Pods */,
				B38929E4798FB73432CAF1A3 /* Frameworks */,
			);
			sourceTree = "<group>";
		};
		E572769C26B0189600157C30 /* Products */ = {
			isa = PBXGroup;
			children = (
				E572769B26B0189600157C30 /* Spotify.app */,
			);
			name = Products;
			sourceTree = "<group>";
		};
		E572769D26B0189600157C30 /* Spotify */ = {
			isa = PBXGroup;
			children = (
				E57276B826B0195600157C30 /* Resources */,
				E57276B726B0193A00157C30 /* Managers */,
				E57276B626B0192400157C30 /* ViewModels */,
				E57276B526B0190F00157C30 /* Models */,
				E57276B426B0190700157C30 /* Views */,
				E57276B326B018FA00157C30 /* Controllers */,
				E57276AC26B0189800157C30 /* Info.plist */,
			);
			path = Spotify;
			sourceTree = "<group>";
		};
		E57276B326B018FA00157C30 /* Controllers */ = {
			isa = PBXGroup;
			children = (
				E567D1E526B0ED2700E4BA3D /* Other */,
				E57276C426B01D5C00157C30 /* Core */,
			);
			path = Controllers;
			sourceTree = "<group>";
		};
		E57276B426B0190700157C30 /* Views */ = {
			isa = PBXGroup;
			children = (
				E5759B0226B29A8B00E02182 /* Browse */,
				E57276A926B0189800157C30 /* LaunchScreen.storyboard */,
				E56654A326B3F6FF00315C04 /* PlaylistHeaderCollectionReusableView.swift */,
				E532834926B786F300C5B446 /* TitleHeaderCollectionReusableView.swift */,
				E532834C26B790D100C5B446 /* AlbumTrackCollectionViewCell.swift */,
			);
			path = Views;
			sourceTree = "<group>";
		};
		E57276B526B0190F00157C30 /* Models */ = {
			isa = PBXGroup;
			children = (
				E567D20526B0EEE900E4BA3D /* Playlist.swift */,
				E567D20826B0EF0300E4BA3D /* AudioTrack.swift */,
				E567D20B26B0EF1C00E4BA3D /* Artist.swift */,
				E567D20E26B0EF2F00E4BA3D /* UserProfile.swift */,
				E567D21626B12E3D00E4BA3D /* AuthResponse.swift */,
				E567D21926B1580400E4BA3D /* SettingsModels.swift */,
				E5759AD726B251B900E02182 /* NewReleasesResponse.swift */,
				E5759ADA26B25B2300E02182 /* FeaturedplaylistsResponse.swift */,
				E5759AFC26B27D2200E02182 /* RecommendedGenresResponse.swift */,
				E5759AFF26B2840C00E02182 /* RecommendationsResponse.swift */,
				E566549826B3E1B200315C04 /* AlbumDetailsResponse.swift */,
				E56654A026B3E78B00315C04 /* PlaylistDetailsResponse.swift */,
			);
			path = Models;
			sourceTree = "<group>";
		};
		E57276B626B0192400157C30 /* ViewModels */ = {
			isa = PBXGroup;
			children = (
				E5759B0F26B2B81400E02182 /* NewReleasesCellViewModel.swift */,
				E566548F26B3CE5800315C04 /* FeaturedPlaylistCellViewModel.swift */,
				E566549226B3CEE000315C04 /* RecommendedTrackCellViewModel.swift */,
				E56654A626B4008D00315C04 /* PlaylistHeaderViewViewModel.swift */,
				E532834F26B7932C00C5B446 /* AlbumCollectionViewCellViewModel.swift */,
			);
			path = ViewModels;
			sourceTree = "<group>";
		};
		E57276B726B0193A00157C30 /* Managers */ = {
			isa = PBXGroup;
			children = (
				E567D1FC26B0EE7B00E4BA3D /* AuthManager.swift */,
				E567D1FF26B0EE9300E4BA3D /* APICaller.swift */,
				E567D20226B0EEC800E4BA3D /* HapticsManager.swift */,
			);
			path = Managers;
			sourceTree = "<group>";
		};
		E57276B826B0195600157C30 /* Resources */ = {
			isa = PBXGroup;
			children = (
				E57276A726B0189800157C30 /* Assets.xcassets */,
				E572769E26B0189600157C30 /* AppDelegate.swift */,
				E57276A026B0189600157C30 /* SceneDelegate.swift */,
				E567D21326B1056500E4BA3D /* Extensions.swift */,
			);
			path = Resources;
			sourceTree = "<group>";
		};
		E57276C426B01D5C00157C30 /* Core */ = {
			isa = PBXGroup;
			children = (
				E57276BB26B01CCB00157C30 /* TabbarViewController.swift */,
				E57276A226B0189600157C30 /* HomeViewController.swift */,
				E57276BE26B01D0800157C30 /* SearchViewController.swift */,
				E57276C126B01D2800157C30 /* LibraryViewController.swift */,
			);
			path = Core;
			sourceTree = "<group>";
		};
		E5759B0226B29A8B00E02182 /* Browse */ = {
			isa = PBXGroup;
			children = (
				E5759B0326B29AD100E02182 /* NewReleaseCollectionViewCell.swift */,
				E5759B0626B29B3300E02182 /* FeaturedPlaylistCollectionViewCell.swift */,
				E5759B0926B29B7900E02182 /* RecommendedtrackCollectionViewCell.swift */,
			);
			path = Browse;
			sourceTree = "<group>";
		};
		F1A6BB1F79D1CAE1AF168ACE /* Pods */ = {
			isa = PBXGroup;
			children = (
				6F84A10C78EC77B6FCBF4C71 /* Pods-Spotify.debug.xcconfig */,
				2BAB101BB11DBCA9D8CA31FD /* Pods-Spotify.release.xcconfig */,
			);
			path = Pods;
			sourceTree = "<group>";
		};
/* End PBXGroup section */

/* Begin PBXNativeTarget section */
		E572769A26B0189600157C30 /* Spotify */ = {
			isa = PBXNativeTarget;
			buildConfigurationList = E57276AF26B0189800157C30 /* Build configuration list for PBXNativeTarget "Spotify" */;
			buildPhases = (
				65253CCAB1C5B155DD82603C /* [CP] Check Pods Manifest.lock */,
				E572769726B0189600157C30 /* Sources */,
				E572769826B0189600157C30 /* Frameworks */,
				E572769926B0189600157C30 /* Resources */,
				42E05BE37E778CAF3B41CC50 /* [CP] Embed Pods Frameworks */,
			);
			buildRules = (
			);
			dependencies = (
			);
			name = Spotify;
			productName = Spotify;
			productReference = E572769B26B0189600157C30 /* Spotify.app */;
			productType = "com.apple.product-type.application";
		};
/* End PBXNativeTarget section */

/* Begin PBXProject section */
		E572769326B0189600157C30 /* Project object */ = {
			isa = PBXProject;
			attributes = {
				LastSwiftUpdateCheck = 1220;
				LastUpgradeCheck = 1220;
				TargetAttributes = {
					E572769A26B0189600157C30 = {
						CreatedOnToolsVersion = 12.2;
					};
				};
			};
			buildConfigurationList = E572769626B0189600157C30 /* Build configuration list for PBXProject "Spotify" */;
			compatibilityVersion = "Xcode 9.3";
			developmentRegion = en;
			hasScannedForEncodings = 0;
			knownRegions = (
				en,
				Base,
			);
			mainGroup = E572769226B0189600157C30;
			productRefGroup = E572769C26B0189600157C30 /* Products */;
			projectDirPath = "";
			projectRoot = "";
			targets = (
				E572769A26B0189600157C30 /* Spotify */,
			);
		};
/* End PBXProject section */

/* Begin PBXResourcesBuildPhase section */
		E572769926B0189600157C30 /* Resources */ = {
			isa = PBXResourcesBuildPhase;
			buildActionMask = 2147483647;
			files = (
				E57276AB26B0189800157C30 /* LaunchScreen.storyboard in Resources */,
				E57276A826B0189800157C30 /* Assets.xcassets in Resources */,
			);
			runOnlyForDeploymentPostprocessing = 0;
		};
/* End PBXResourcesBuildPhase section */

/* Begin PBXShellScriptBuildPhase section */
		42E05BE37E778CAF3B41CC50 /* [CP] Embed Pods Frameworks */ = {
			isa = PBXShellScriptBuildPhase;
			buildActionMask = 2147483647;
			files = (
			);
			inputFileListPaths = (
				"${PODS_ROOT}/Target Support Files/Pods-Spotify/Pods-Spotify-frameworks-${CONFIGURATION}-input-files.xcfilelist",
			);
			name = "[CP] Embed Pods Frameworks";
			outputFileListPaths = (
				"${PODS_ROOT}/Target Support Files/Pods-Spotify/Pods-Spotify-frameworks-${CONFIGURATION}-output-files.xcfilelist",
			);
			runOnlyForDeploymentPostprocessing = 0;
			shellPath = /bin/sh;
			shellScript = "\"${PODS_ROOT}/Target Support Files/Pods-Spotify/Pods-Spotify-frameworks.sh\"\n";
			showEnvVarsInLog = 0;
		};
		65253CCAB1C5B155DD82603C /* [CP] Check Pods Manifest.lock */ = {
			isa = PBXShellScriptBuildPhase;
			buildActionMask = 2147483647;
			files = (
			);
			inputFileListPaths = (
			);
			inputPaths = (
				"${PODS_PODFILE_DIR_PATH}/Podfile.lock",
				"${PODS_ROOT}/Manifest.lock",
			);
			name = "[CP] Check Pods Manifest.lock";
			outputFileListPaths = (
			);
			outputPaths = (
				"$(DERIVED_FILE_DIR)/Pods-Spotify-checkManifestLockResult.txt",
			);
			runOnlyForDeploymentPostprocessing = 0;
			shellPath = /bin/sh;
			shellScript = "diff \"${PODS_PODFILE_DIR_PATH}/Podfile.lock\" \"${PODS_ROOT}/Manifest.lock\" > /dev/null\nif [ $? != 0 ] ; then\n    # print error to STDERR\n    echo \"error: The sandbox is not in sync with the Podfile.lock. Run 'pod install' or update your CocoaPods installation.\" >&2\n    exit 1\nfi\n# This output is used by Xcode 'outputs' to avoid re-running this script phase.\necho \"SUCCESS\" > \"${SCRIPT_OUTPUT_FILE_0}\"\n";
			showEnvVarsInLog = 0;
		};
/* End PBXShellScriptBuildPhase section */

/* Begin PBXSourcesBuildPhase section */
		E572769726B0189600157C30 /* Sources */ = {
			isa = PBXSourcesBuildPhase;
			buildActionMask = 2147483647;
			files = (
				E57276BF26B01D0800157C30 /* SearchViewController.swift in Sources */,
				E567D20626B0EEE900E4BA3D /* Playlist.swift in Sources */,
				E567D1FD26B0EE7B00E4BA3D /* AuthManager.swift in Sources */,
				E567D1FA26B0EE4A00E4BA3D /* SearchResultsViewController.swift in Sources */,
				E567D1EB26B0EDAE00E4BA3D /* WelcomeViewController.swift in Sources */,
				E567D1F126B0EDEB00E4BA3D /* ProfileViewController.swift in Sources */,
				E566549626B3DC7000315C04 /* AlbumViewController.swift in Sources */,
				E56654A126B3E78B00315C04 /* PlaylistDetailsResponse.swift in Sources */,
				E532834A26B786F300C5B446 /* TitleHeaderCollectionReusableView.swift in Sources */,
				E56654A726B4008D00315C04 /* PlaylistHeaderViewViewModel.swift in Sources */,
				E57276BC26B01CCB00157C30 /* TabbarViewController.swift in Sources */,
				E567D20326B0EEC800E4BA3D /* HapticsManager.swift in Sources */,
				E567D21726B12E3D00E4BA3D /* AuthResponse.swift in Sources */,
				E56654A426B3F6FF00315C04 /* PlaylistHeaderCollectionReusableView.swift in Sources */,
				E5759B1026B2B81400E02182 /* NewReleasesCellViewModel.swift in Sources */,
				E5759AD826B251B900E02182 /* NewReleasesResponse.swift in Sources */,
				E566549326B3CEE000315C04 /* RecommendedTrackCellViewModel.swift in Sources */,
				E567D20926B0EF0300E4BA3D /* AudioTrack.swift in Sources */,
				E566549026B3CE5800315C04 /* FeaturedPlaylistCellViewModel.swift in Sources */,
				E57276A326B0189600157C30 /* HomeViewController.swift in Sources */,
				E567D1E726B0ED4300E4BA3D /* AuthViewController.swift in Sources */,
				E572769F26B0189600157C30 /* AppDelegate.swift in Sources */,
				E5759AFD26B27D2200E02182 /* RecommendedGenresResponse.swift in Sources */,
				E566549926B3E1B200315C04 /* AlbumDetailsResponse.swift in Sources */,
				E5759ADB26B25B2300E02182 /* FeaturedplaylistsResponse.swift in Sources */,
				E567D20F26B0EF2F00E4BA3D /* UserProfile.swift in Sources */,
				E532835026B7932C00C5B446 /* AlbumCollectionViewCellViewModel.swift in Sources */,
				E532834D26B790D100C5B446 /* AlbumTrackCollectionViewCell.swift in Sources */,
				E5759B0026B2840C00E02182 /* RecommendationsResponse.swift in Sources */,
				E567D21426B1056500E4BA3D /* Extensions.swift in Sources */,
				E57276C226B01D2800157C30 /* LibraryViewController.swift in Sources */,
				E567D20C26B0EF1C00E4BA3D /* Artist.swift in Sources */,
				E567D21A26B1580400E4BA3D /* SettingsModels.swift in Sources */,
				E5759B0726B29B3300E02182 /* FeaturedPlaylistCollectionViewCell.swift in Sources */,
				E567D1F726B0EE1A00E4BA3D /* PlaylistViewController.swift in Sources */,
				E5759B0A26B29B7900E02182 /* RecommendedtrackCollectionViewCell.swift in Sources */,
				E5759B0426B29AD200E02182 /* NewReleaseCollectionViewCell.swift in Sources */,
				E57276A126B0189600157C30 /* SceneDelegate.swift in Sources */,
				E567D1F426B0EDFE00E4BA3D /* PlayerViewController.swift in Sources */,
				E567D20026B0EE9300E4BA3D /* APICaller.swift in Sources */,
				E567D1EE26B0EDD600E4BA3D /* SettingsViewController.swift in Sources */,
			);
			runOnlyForDeploymentPostprocessing = 0;
		};
/* End PBXSourcesBuildPhase section */

/* Begin PBXVariantGroup section */
		E57276A926B0189800157C30 /* LaunchScreen.storyboard */ = {
			isa = PBXVariantGroup;
			children = (
				E57276AA26B0189800157C30 /* Base */,
			);
			name = LaunchScreen.storyboard;
			sourceTree = "<group>";
		};
/* End PBXVariantGroup section */

/* Begin XCBuildConfiguration section */
		E57276AD26B0189800157C30 /* Debug */ = {
			isa = XCBuildConfiguration;
			buildSettings = {
				ALWAYS_SEARCH_USER_PATHS = NO;
				CLANG_ANALYZER_NONNULL = YES;
				CLANG_ANALYZER_NUMBER_OBJECT_CONVERSION = YES_AGGRESSIVE;
				CLANG_CXX_LANGUAGE_STANDARD = "gnu++14";
				CLANG_CXX_LIBRARY = "libc++";
				CLANG_ENABLE_MODULES = YES;
				CLANG_ENABLE_OBJC_ARC = YES;
				CLANG_ENABLE_OBJC_WEAK = YES;
				CLANG_WARN_BLOCK_CAPTURE_AUTORELEASING = YES;
				CLANG_WARN_BOOL_CONVERSION = YES;
				CLANG_WARN_COMMA = YES;
				CLANG_WARN_CONSTANT_CONVERSION = YES;
				CLANG_WARN_DEPRECATED_OBJC_IMPLEMENTATIONS = YES;
				CLANG_WARN_DIRECT_OBJC_ISA_USAGE = YES_ERROR;
				CLANG_WARN_DOCUMENTATION_COMMENTS = YES;
				CLANG_WARN_EMPTY_BODY = YES;
				CLANG_WARN_ENUM_CONVERSION = YES;
				CLANG_WARN_INFINITE_RECURSION = YES;
				CLANG_WARN_INT_CONVERSION = YES;
				CLANG_WARN_NON_LITERAL_NULL_CONVERSION = YES;
				CLANG_WARN_OBJC_IMPLICIT_RETAIN_SELF = YES;
				CLANG_WARN_OBJC_LITERAL_CONVERSION = YES;
				CLANG_WARN_OBJC_ROOT_CLASS = YES_ERROR;
				CLANG_WARN_QUOTED_INCLUDE_IN_FRAMEWORK_HEADER = YES;
				CLANG_WARN_RANGE_LOOP_ANALYSIS = YES;
				CLANG_WARN_STRICT_PROTOTYPES = YES;
				CLANG_WARN_SUSPICIOUS_MOVE = YES;
				CLANG_WARN_UNGUARDED_AVAILABILITY = YES_AGGRESSIVE;
				CLANG_WARN_UNREACHABLE_CODE = YES;
				CLANG_WARN__DUPLICATE_METHOD_MATCH = YES;
				COPY_PHASE_STRIP = NO;
				DEBUG_INFORMATION_FORMAT = dwarf;
				ENABLE_STRICT_OBJC_MSGSEND = YES;
				ENABLE_TESTABILITY = YES;
				GCC_C_LANGUAGE_STANDARD = gnu11;
				GCC_DYNAMIC_NO_PIC = NO;
				GCC_NO_COMMON_BLOCKS = YES;
				GCC_OPTIMIZATION_LEVEL = 0;
				GCC_PREPROCESSOR_DEFINITIONS = (
					"DEBUG=1",
					"$(inherited)",
				);
				GCC_WARN_64_TO_32_BIT_CONVERSION = YES;
				GCC_WARN_ABOUT_RETURN_TYPE = YES_ERROR;
				GCC_WARN_UNDECLARED_SELECTOR = YES;
				GCC_WARN_UNINITIALIZED_AUTOS = YES_AGGRESSIVE;
				GCC_WARN_UNUSED_FUNCTION = YES;
				GCC_WARN_UNUSED_VARIABLE = YES;
				IPHONEOS_DEPLOYMENT_TARGET = 14.2;
				MTL_ENABLE_DEBUG_INFO = INCLUDE_SOURCE;
				MTL_FAST_MATH = YES;
				ONLY_ACTIVE_ARCH = YES;
				SDKROOT = iphoneos;
				SWIFT_ACTIVE_COMPILATION_CONDITIONS = DEBUG;
				SWIFT_OPTIMIZATION_LEVEL = "-Onone";
			};
			name = Debug;
		};
		E57276AE26B0189800157C30 /* Release */ = {
			isa = XCBuildConfiguration;
			buildSettings = {
				ALWAYS_SEARCH_USER_PATHS = NO;
				CLANG_ANALYZER_NONNULL = YES;
				CLANG_ANALYZER_NUMBER_OBJECT_CONVERSION = YES_AGGRESSIVE;
				CLANG_CXX_LANGUAGE_STANDARD = "gnu++14";
				CLANG_CXX_LIBRARY = "libc++";
				CLANG_ENABLE_MODULES = YES;
				CLANG_ENABLE_OBJC_ARC = YES;
				CLANG_ENABLE_OBJC_WEAK = YES;
				CLANG_WARN_BLOCK_CAPTURE_AUTORELEASING = YES;
				CLANG_WARN_BOOL_CONVERSION = YES;
				CLANG_WARN_COMMA = YES;
				CLANG_WARN_CONSTANT_CONVERSION = YES;
				CLANG_WARN_DEPRECATED_OBJC_IMPLEMENTATIONS = YES;
				CLANG_WARN_DIRECT_OBJC_ISA_USAGE = YES_ERROR;
				CLANG_WARN_DOCUMENTATION_COMMENTS = YES;
				CLANG_WARN_EMPTY_BODY = YES;
				CLANG_WARN_ENUM_CONVERSION = YES;
				CLANG_WARN_INFINITE_RECURSION = YES;
				CLANG_WARN_INT_CONVERSION = YES;
				CLANG_WARN_NON_LITERAL_NULL_CONVERSION = YES;
				CLANG_WARN_OBJC_IMPLICIT_RETAIN_SELF = YES;
				CLANG_WARN_OBJC_LITERAL_CONVERSION = YES;
				CLANG_WARN_OBJC_ROOT_CLASS = YES_ERROR;
				CLANG_WARN_QUOTED_INCLUDE_IN_FRAMEWORK_HEADER = YES;
				CLANG_WARN_RANGE_LOOP_ANALYSIS = YES;
				CLANG_WARN_STRICT_PROTOTYPES = YES;
				CLANG_WARN_SUSPICIOUS_MOVE = YES;
				CLANG_WARN_UNGUARDED_AVAILABILITY = YES_AGGRESSIVE;
				CLANG_WARN_UNREACHABLE_CODE = YES;
				CLANG_WARN__DUPLICATE_METHOD_MATCH = YES;
				COPY_PHASE_STRIP = NO;
				DEBUG_INFORMATION_FORMAT = "dwarf-with-dsym";
				ENABLE_NS_ASSERTIONS = NO;
				ENABLE_STRICT_OBJC_MSGSEND = YES;
				GCC_C_LANGUAGE_STANDARD = gnu11;
				GCC_NO_COMMON_BLOCKS = YES;
				GCC_WARN_64_TO_32_BIT_CONVERSION = YES;
				GCC_WARN_ABOUT_RETURN_TYPE = YES_ERROR;
				GCC_WARN_UNDECLARED_SELECTOR = YES;
				GCC_WARN_UNINITIALIZED_AUTOS = YES_AGGRESSIVE;
				GCC_WARN_UNUSED_FUNCTION = YES;
				GCC_WARN_UNUSED_VARIABLE = YES;
				IPHONEOS_DEPLOYMENT_TARGET = 14.2;
				MTL_ENABLE_DEBUG_INFO = NO;
				MTL_FAST_MATH = YES;
				SDKROOT = iphoneos;
				SWIFT_COMPILATION_MODE = wholemodule;
				SWIFT_OPTIMIZATION_LEVEL = "-O";
				VALIDATE_PRODUCT = YES;
			};
			name = Release;
		};
		E57276B026B0189800157C30 /* Debug */ = {
			isa = XCBuildConfiguration;
			baseConfigurationReference = 6F84A10C78EC77B6FCBF4C71 /* Pods-Spotify.debug.xcconfig */;
			buildSettings = {
				ASSETCATALOG_COMPILER_APPICON_NAME = AppIcon;
				ASSETCATALOG_COMPILER_GLOBAL_ACCENT_COLOR_NAME = AccentColor;
				CODE_SIGN_STYLE = Automatic;
				DEVELOPMENT_TEAM = 6C99TY569A;
				INFOPLIST_FILE = Spotify/Info.plist;
				IPHONEOS_DEPLOYMENT_TARGET = 14.0;
				LD_RUNPATH_SEARCH_PATHS = (
					"$(inherited)",
					"@executable_path/Frameworks",
				);
				PRODUCT_BUNDLE_IDENTIFIER = com.arisvn.Spotify;
				PRODUCT_NAME = "$(TARGET_NAME)";
				SWIFT_VERSION = 5.0;
				TARGETED_DEVICE_FAMILY = "1,2";
			};
			name = Debug;
		};
		E57276B126B0189800157C30 /* Release */ = {
			isa = XCBuildConfiguration;
			baseConfigurationReference = 2BAB101BB11DBCA9D8CA31FD /* Pods-Spotify.release.xcconfig */;
			buildSettings = {
				ASSETCATALOG_COMPILER_APPICON_NAME = AppIcon;
				ASSETCATALOG_COMPILER_GLOBAL_ACCENT_COLOR_NAME = AccentColor;
				CODE_SIGN_STYLE = Automatic;
				DEVELOPMENT_TEAM = 6C99TY569A;
				INFOPLIST_FILE = Spotify/Info.plist;
				IPHONEOS_DEPLOYMENT_TARGET = 14.0;
				LD_RUNPATH_SEARCH_PATHS = (
					"$(inherited)",
					"@executable_path/Frameworks",
				);
				PRODUCT_BUNDLE_IDENTIFIER = com.arisvn.Spotify;
				PRODUCT_NAME = "$(TARGET_NAME)";
				SWIFT_VERSION = 5.0;
				TARGETED_DEVICE_FAMILY = "1,2";
			};
			name = Release;
		};
/* End XCBuildConfiguration section */

/* Begin XCConfigurationList section */
		E572769626B0189600157C30 /* Build configuration list for PBXProject "Spotify" */ = {
			isa = XCConfigurationList;
			buildConfigurations = (
				E57276AD26B0189800157C30 /* Debug */,
				E57276AE26B0189800157C30 /* Release */,
			);
			defaultConfigurationIsVisible = 0;
			defaultConfigurationName = Release;
		};
		E57276AF26B0189800157C30 /* Build configuration list for PBXNativeTarget "Spotify" */ = {
			isa = XCConfigurationList;
			buildConfigurations = (
				E57276B026B0189800157C30 /* Debug */,
				E57276B126B0189800157C30 /* Release */,
			);
			defaultConfigurationIsVisible = 0;
			defaultConfigurationName = Release;
		};
/* End XCConfigurationList section */
	};
	rootObject = E572769326B0189600157C30 /* Project object */;
}
